// !$*UTF8*$!
{
	archiveVersion = 1;
	classes = {
	};
	objectVersion = 56;
	objects = {

/* Begin PBXBuildFile section */
		819BD0292B6A6ADE002E44C5 /* MemoriesApp.swift in Sources */ = {isa = PBXBuildFile; fileRef = 819BD0282B6A6ADE002E44C5 /* MemoriesApp.swift */; };
		819BD02B2B6A6ADE002E44C5 /* ContentView.swift in Sources */ = {isa = PBXBuildFile; fileRef = 819BD02A2B6A6ADE002E44C5 /* ContentView.swift */; };
		819BD02D2B6A6AE0002E44C5 /* Assets.xcassets in Resources */ = {isa = PBXBuildFile; fileRef = 819BD02C2B6A6AE0002E44C5 /* Assets.xcassets */; };
		819BD0302B6A6AE0002E44C5 /* Preview Assets.xcassets in Resources */ = {isa = PBXBuildFile; fileRef = 819BD02F2B6A6AE0002E44C5 /* Preview Assets.xcassets */; };
		819BD03A2B6A6AE1002E44C5 /* MemoriesTests.swift in Sources */ = {isa = PBXBuildFile; fileRef = 819BD0392B6A6AE1002E44C5 /* MemoriesTests.swift */; };
		819BD0442B6A6AE1002E44C5 /* MemoriesUITests.swift in Sources */ = {isa = PBXBuildFile; fileRef = 819BD0432B6A6AE1002E44C5 /* MemoriesUITests.swift */; };
		819BD0462B6A6AE1002E44C5 /* MemoriesUITestsLaunchTests.swift in Sources */ = {isa = PBXBuildFile; fileRef = 819BD0452B6A6AE1002E44C5 /* MemoriesUITestsLaunchTests.swift */; };
/* End PBXBuildFile section */

/* Begin PBXContainerItemProxy section */
		819BD0362B6A6AE1002E44C5 /* PBXContainerItemProxy */ = {
			isa = PBXContainerItemProxy;
			containerPortal = 819BD01D2B6A6ADE002E44C5 /* Project object */;
			proxyType = 1;
			remoteGlobalIDString = 819BD0242B6A6ADE002E44C5;
			remoteInfo = Memories;
		};
		819BD0402B6A6AE1002E44C5 /* PBXContainerItemProxy */ = {
			isa = PBXContainerItemProxy;
			containerPortal = 819BD01D2B6A6ADE002E44C5 /* Project object */;
			proxyType = 1;
			remoteGlobalIDString = 819BD0242B6A6ADE002E44C5;
			remoteInfo = Memories;
		};
/* End PBXContainerItemProxy section */

/* Begin PBXFileReference section */
		819BD0252B6A6ADE002E44C5 /* Memories.app */ = {isa = PBXFileReference; explicitFileType = wrapper.application; includeInIndex = 0; path = Memories.app; sourceTree = BUILT_PRODUCTS_DIR; };
		819BD0282B6A6ADE002E44C5 /* MemoriesApp.swift */ = {isa = PBXFileReference; lastKnownFileType = sourcecode.swift; path = MemoriesApp.swift; sourceTree = "<group>"; };
		819BD02A2B6A6ADE002E44C5 /* ContentView.swift */ = {isa = PBXFileReference; lastKnownFileType = sourcecode.swift; path = ContentView.swift; sourceTree = "<group>"; };
		819BD02C2B6A6AE0002E44C5 /* Assets.xcassets */ = {isa = PBXFileReference; lastKnownFileType = folder.assetcatalog; path = Assets.xcassets; sourceTree = "<group>"; };
		819BD02F2B6A6AE0002E44C5 /* Preview Assets.xcassets */ = {isa = PBXFileReference; lastKnownFileType = folder.assetcatalog; path = "Preview Assets.xcassets"; sourceTree = "<group>"; };
		819BD0352B6A6AE1002E44C5 /* MemoriesTests.xctest */ = {isa = PBXFileReference; explicitFileType = wrapper.cfbundle; includeInIndex = 0; path = MemoriesTests.xctest; sourceTree = BUILT_PRODUCTS_DIR; };
		819BD0392B6A6AE1002E44C5 /* MemoriesTests.swift */ = {isa = PBXFileReference; lastKnownFileType = sourcecode.swift; path = MemoriesTests.swift; sourceTree = "<group>"; };
		819BD03F2B6A6AE1002E44C5 /* MemoriesUITests.xctest */ = {isa = PBXFileReference; explicitFileType = wrapper.cfbundle; includeInIndex = 0; path = MemoriesUITests.xctest; sourceTree = BUILT_PRODUCTS_DIR; };
		819BD0432B6A6AE1002E44C5 /* MemoriesUITests.swift */ = {isa = PBXFileReference; lastKnownFileType = sourcecode.swift; path = MemoriesUITests.swift; sourceTree = "<group>"; };
		819BD0452B6A6AE1002E44C5 /* MemoriesUITestsLaunchTests.swift */ = {isa = PBXFileReference; lastKnownFileType = sourcecode.swift; path = MemoriesUITestsLaunchTests.swift; sourceTree = "<group>"; };
/* End PBXFileReference section */

/* Begin PBXFrameworksBuildPhase section */
		819BD0222B6A6ADE002E44C5 /* Frameworks */ = {
			isa = PBXFrameworksBuildPhase;
			buildActionMask = 2147483647;
			files = (
			);
			runOnlyForDeploymentPostprocessing = 0;
		};
		819BD0322B6A6AE1002E44C5 /* Frameworks */ = {
			isa = PBXFrameworksBuildPhase;
			buildActionMask = 2147483647;
			files = (
			);
			runOnlyForDeploymentPostprocessing = 0;
		};
		819BD03C2B6A6AE1002E44C5 /* Frameworks */ = {
			isa = PBXFrameworksBuildPhase;
			buildActionMask = 2147483647;
			files = (
			);
			runOnlyForDeploymentPostprocessing = 0;
		};
/* End PBXFrameworksBuildPhase section */

/* Begin PBXGroup section */
		819BD01C2B6A6ADE002E44C5 = {
			isa = PBXGroup;
			children = (
				819BD0272B6A6ADE002E44C5 /* Memories */,
				819BD0382B6A6AE1002E44C5 /* MemoriesTests */,
				819BD0422B6A6AE1002E44C5 /* MemoriesUITests */,
				819BD0262B6A6ADE002E44C5 /* Products */,
			);
			sourceTree = "<group>";
		};
		819BD0262B6A6ADE002E44C5 /* Products */ = {
			isa = PBXGroup;
			children = (
				819BD0252B6A6ADE002E44C5 /* Memories.app */,
				819BD0352B6A6AE1002E44C5 /* MemoriesTests.xctest */,
				819BD03F2B6A6AE1002E44C5 /* MemoriesUITests.xctest */,
			);
			name = Products;
			sourceTree = "<group>";
		};
		819BD0272B6A6ADE002E44C5 /* Memories */ = {
			isa = PBXGroup;
			children = (
				819BD0282B6A6ADE002E44C5 /* MemoriesApp.swift */,
				819BD02A2B6A6ADE002E44C5 /* ContentView.swift */,
				819BD02C2B6A6AE0002E44C5 /* Assets.xcassets */,
				819BD02E2B6A6AE0002E44C5 /* Preview Content */,
			);
			path = Memories;
			sourceTree = "<group>";
		};
		819BD02E2B6A6AE0002E44C5 /* Preview Content */ = {
			isa = PBXGroup;
			children = (
				819BD02F2B6A6AE0002E44C5 /* Preview Assets.xcassets */,
			);
			path = "Preview Content";
			sourceTree = "<group>";
		};
		819BD0382B6A6AE1002E44C5 /* MemoriesTests */ = {
			isa = PBXGroup;
			children = (
				819BD0392B6A6AE1002E44C5 /* MemoriesTests.swift */,
			);
			path = MemoriesTests;
			sourceTree = "<group>";
		};
		819BD0422B6A6AE1002E44C5 /* MemoriesUITests */ = {
			isa = PBXGroup;
			children = (
				819BD0432B6A6AE1002E44C5 /* MemoriesUITests.swift */,
				819BD0452B6A6AE1002E44C5 /* MemoriesUITestsLaunchTests.swift */,
			);
			path = MemoriesUITests;
			sourceTree = "<group>";
		};
/* End PBXGroup section */

/* Begin PBXNativeTarget section */
		819BD0242B6A6ADE002E44C5 /* Memories */ = {
			isa = PBXNativeTarget;
			buildConfigurationList = 819BD0492B6A6AE1002E44C5 /* Build configuration list for PBXNativeTarget "Memories" */;
			buildPhases = (
				819BD0212B6A6ADE002E44C5 /* Sources */,
				819BD0222B6A6ADE002E44C5 /* Frameworks */,
				819BD0232B6A6ADE002E44C5 /* Resources */,
			);
			buildRules = (
			);
			dependencies = (
			);
			name = Memories;
			productName = Memories;
			productReference = 819BD0252B6A6ADE002E44C5 /* Memories.app */;
			productType = "com.apple.product-type.application";
		};
		819BD0342B6A6AE1002E44C5 /* MemoriesTests */ = {
			isa = PBXNativeTarget;
			buildConfigurationList = 819BD04C2B6A6AE1002E44C5 /* Build configuration list for PBXNativeTarget "MemoriesTests" */;
			buildPhases = (
				819BD0312B6A6AE1002E44C5 /* Sources */,
				819BD0322B6A6AE1002E44C5 /* Frameworks */,
				819BD0332B6A6AE1002E44C5 /* Resources */,
			);
			buildRules = (
			);
			dependencies = (
				819BD0372B6A6AE1002E44C5 /* PBXTargetDependency */,
			);
			name = MemoriesTests;
			productName = MemoriesTests;
			productReference = 819BD0352B6A6AE1002E44C5 /* MemoriesTests.xctest */;
			productType = "com.apple.product-type.bundle.unit-test";
		};
		819BD03E2B6A6AE1002E44C5 /* MemoriesUITests */ = {
			isa = PBXNativeTarget;
			buildConfigurationList = 819BD04F2B6A6AE1002E44C5 /* Build configuration list for PBXNativeTarget "MemoriesUITests" */;
			buildPhases = (
				819BD03B2B6A6AE1002E44C5 /* Sources */,
				819BD03C2B6A6AE1002E44C5 /* Frameworks */,
				819BD03D2B6A6AE1002E44C5 /* Resources */,
			);
			buildRules = (
			);
			dependencies = (
				819BD0412B6A6AE1002E44C5 /* PBXTargetDependency */,
			);
			name = MemoriesUITests;
			productName = MemoriesUITests;
			productReference = 819BD03F2B6A6AE1002E44C5 /* MemoriesUITests.xctest */;
			productType = "com.apple.product-type.bundle.ui-testing";
		};
/* End PBXNativeTarget section */

/* Begin PBXProject section */
		819BD01D2B6A6ADE002E44C5 /* Project object */ = {
			isa = PBXProject;
			attributes = {
				BuildIndependentTargetsInParallel = 1;
				LastSwiftUpdateCheck = 1500;
				LastUpgradeCheck = 1500;
				TargetAttributes = {
					819BD0242B6A6ADE002E44C5 = {
						CreatedOnToolsVersion = 15.0.1;
					};
					819BD0342B6A6AE1002E44C5 = {
						CreatedOnToolsVersion = 15.0.1;
						TestTargetID = 819BD0242B6A6ADE002E44C5;
					};
					819BD03E2B6A6AE1002E44C5 = {
						CreatedOnToolsVersion = 15.0.1;
						TestTargetID = 819BD0242B6A6ADE002E44C5;
					};
				};
			};
			buildConfigurationList = 819BD0202B6A6ADE002E44C5 /* Build configuration list for PBXProject "Memories" */;
			compatibilityVersion = "Xcode 14.0";
			developmentRegion = en;
			hasScannedForEncodings = 0;
			knownRegions = (
				en,
				Base,
			);
			mainGroup = 819BD01C2B6A6ADE002E44C5;
			productRefGroup = 819BD0262B6A6ADE002E44C5 /* Products */;
			projectDirPath = "";
			projectRoot = "";
			targets = (
				819BD0242B6A6ADE002E44C5 /* Memories */,
				819BD0342B6A6AE1002E44C5 /* MemoriesTests */,
				819BD03E2B6A6AE1002E44C5 /* MemoriesUITests */,
			);
		};
/* End PBXProject section */

/* Begin PBXResourcesBuildPhase section */
		819BD0232B6A6ADE002E44C5 /* Resources */ = {
			isa = PBXResourcesBuildPhase;
			buildActionMask = 2147483647;
			files = (
				819BD0302B6A6AE0002E44C5 /* Preview Assets.xcassets in Resources */,
				819BD02D2B6A6AE0002E44C5 /* Assets.xcassets in Resources */,
			);
			runOnlyForDeploymentPostprocessing = 0;
		};
		819BD0332B6A6AE1002E44C5 /* Resources */ = {
			isa = PBXResourcesBuildPhase;
			buildActionMask = 2147483647;
			files = (
			);
			runOnlyForDeploymentPostprocessing = 0;
		};
		819BD03D2B6A6AE1002E44C5 /* Resources */ = {
			isa = PBXResourcesBuildPhase;
			buildActionMask = 2147483647;
			files = (
			);
			runOnlyForDeploymentPostprocessing = 0;
		};
/* End PBXResourcesBuildPhase section */

/* Begin PBXSourcesBuildPhase section */
		819BD0212B6A6ADE002E44C5 /* Sources */ = {
			isa = PBXSourcesBuildPhase;
			buildActionMask = 2147483647;
			files = (
				819BD02B2B6A6ADE002E44C5 /* ContentView.swift in Sources */,
				819BD0292B6A6ADE002E44C5 /* MemoriesApp.swift in Sources */,
			);
			runOnlyForDeploymentPostprocessing = 0;
		};
		819BD0312B6A6AE1002E44C5 /* Sources */ = {
			isa = PBXSourcesBuildPhase;
			buildActionMask = 2147483647;
			files = (
				819BD03A2B6A6AE1002E44C5 /* MemoriesTests.swift in Sources */,
			);
			runOnlyForDeploymentPostprocessing = 0;
		};
		819BD03B2B6A6AE1002E44C5 /* Sources */ = {
			isa = PBXSourcesBuildPhase;
			buildActionMask = 2147483647;
			files = (
				819BD0462B6A6AE1002E44C5 /* MemoriesUITestsLaunchTests.swift in Sources */,
				819BD0442B6A6AE1002E44C5 /* MemoriesUITests.swift in Sources */,
			);
			runOnlyForDeploymentPostprocessing = 0;
		};
/* End PBXSourcesBuildPhase section */

/* Begin PBXTargetDependency section */
		819BD0372B6A6AE1002E44C5 /* PBXTargetDependency */ = {
			isa = PBXTargetDependency;
			target = 819BD0242B6A6ADE002E44C5 /* Memories */;
			targetProxy = 819BD0362B6A6AE1002E44C5 /* PBXContainerItemProxy */;
		};
		819BD0412B6A6AE1002E44C5 /* PBXTargetDependency */ = {
			isa = PBXTargetDependency;
			target = 819BD0242B6A6ADE002E44C5 /* Memories */;
			targetProxy = 819BD0402B6A6AE1002E44C5 /* PBXContainerItemProxy */;
		};
/* End PBXTargetDependency section */

/* Begin XCBuildConfiguration section */
		819BD0472B6A6AE1002E44C5 /* Debug */ = {
			isa = XCBuildConfiguration;
			buildSettings = {
				ALWAYS_SEARCH_USER_PATHS = NO;
				ASSETCATALOG_COMPILER_GENERATE_SWIFT_ASSET_SYMBOL_EXTENSIONS = YES;
				CLANG_ANALYZER_NONNULL = YES;
				CLANG_ANALYZER_NUMBER_OBJECT_CONVERSION = YES_AGGRESSIVE;
				CLANG_CXX_LANGUAGE_STANDARD = "gnu++20";
				CLANG_ENABLE_MODULES = YES;
				CLANG_ENABLE_OBJC_ARC = YES;
				CLANG_ENABLE_OBJC_WEAK = YES;
				CLANG_WARN_BLOCK_CAPTURE_AUTORELEASING = YES;
				CLANG_WARN_BOOL_CONVERSION = YES;
				CLANG_WARN_COMMA = YES;
				CLANG_WARN_CONSTANT_CONVERSION = YES;
				CLANG_WARN_DEPRECATED_OBJC_IMPLEMENTATIONS = YES;
				CLANG_WARN_DIRECT_OBJC_ISA_USAGE = YES_ERROR;
				CLANG_WARN_DOCUMENTATION_COMMENTS = YES;
				CLANG_WARN_EMPTY_BODY = YES;
				CLANG_WARN_ENUM_CONVERSION = YES;
				CLANG_WARN_INFINITE_RECURSION = YES;
				CLANG_WARN_INT_CONVERSION = YES;
				CLANG_WARN_NON_LITERAL_NULL_CONVERSION = YES;
				CLANG_WARN_OBJC_IMPLICIT_RETAIN_SELF = YES;
				CLANG_WARN_OBJC_LITERAL_CONVERSION = YES;
				CLANG_WARN_OBJC_ROOT_CLASS = YES_ERROR;
				CLANG_WARN_QUOTED_INCLUDE_IN_FRAMEWORK_HEADER = YES;
				CLANG_WARN_RANGE_LOOP_ANALYSIS = YES;
				CLANG_WARN_STRICT_PROTOTYPES = YES;
				CLANG_WARN_SUSPICIOUS_MOVE = YES;
				CLANG_WARN_UNGUARDED_AVAILABILITY = YES_AGGRESSIVE;
				CLANG_WARN_UNREACHABLE_CODE = YES;
				CLANG_WARN__DUPLICATE_METHOD_MATCH = YES;
				COPY_PHASE_STRIP = NO;
				DEBUG_INFORMATION_FORMAT = dwarf;
				ENABLE_STRICT_OBJC_MSGSEND = YES;
				ENABLE_TESTABILITY = YES;
				ENABLE_USER_SCRIPT_SANDBOXING = YES;
				GCC_C_LANGUAGE_STANDARD = gnu17;
				GCC_DYNAMIC_NO_PIC = NO;
				GCC_NO_COMMON_BLOCKS = YES;
				GCC_OPTIMIZATION_LEVEL = 0;
				GCC_PREPROCESSOR_DEFINITIONS = (
					"DEBUG=1",
					"$(inherited)",
				);
				GCC_WARN_64_TO_32_BIT_CONVERSION = YES;
				GCC_WARN_ABOUT_RETURN_TYPE = YES_ERROR;
				GCC_WARN_UNDECLARED_SELECTOR = YES;
				GCC_WARN_UNINITIALIZED_AUTOS = YES_AGGRESSIVE;
				GCC_WARN_UNUSED_FUNCTION = YES;
				GCC_WARN_UNUSED_VARIABLE = YES;
				IPHONEOS_DEPLOYMENT_TARGET = 17.0;
				LOCALIZATION_PREFERS_STRING_CATALOGS = YES;
				MTL_ENABLE_DEBUG_INFO = INCLUDE_SOURCE;
				MTL_FAST_MATH = YES;
				ONLY_ACTIVE_ARCH = YES;
				SDKROOT = iphoneos;
				SWIFT_ACTIVE_COMPILATION_CONDITIONS = "DEBUG $(inherited)";
				SWIFT_OPTIMIZATION_LEVEL = "-Onone";
			};
			name = Debug;
		};
		819BD0482B6A6AE1002E44C5 /* Release */ = {
			isa = XCBuildConfiguration;
			buildSettings = {
				ALWAYS_SEARCH_USER_PATHS = NO;
				ASSETCATALOG_COMPILER_GENERATE_SWIFT_ASSET_SYMBOL_EXTENSIONS = YES;
				CLANG_ANALYZER_NONNULL = YES;
				CLANG_ANALYZER_NUMBER_OBJECT_CONVERSION = YES_AGGRESSIVE;
				CLANG_CXX_LANGUAGE_STANDARD = "gnu++20";
				CLANG_ENABLE_MODULES = YES;
				CLANG_ENABLE_OBJC_ARC = YES;
				CLANG_ENABLE_OBJC_WEAK = YES;
				CLANG_WARN_BLOCK_CAPTURE_AUTORELEASING = YES;
				CLANG_WARN_BOOL_CONVERSION = YES;
				CLANG_WARN_COMMA = YES;
				CLANG_WARN_CONSTANT_CONVERSION = YES;
				CLANG_WARN_DEPRECATED_OBJC_IMPLEMENTATIONS = YES;
				CLANG_WARN_DIRECT_OBJC_ISA_USAGE = YES_ERROR;
				CLANG_WARN_DOCUMENTATION_COMMENTS = YES;
				CLANG_WARN_EMPTY_BODY = YES;
				CLANG_WARN_ENUM_CONVERSION = YES;
				CLANG_WARN_INFINITE_RECURSION = YES;
				CLANG_WARN_INT_CONVERSION = YES;
				CLANG_WARN_NON_LITERAL_NULL_CONVERSION = YES;
				CLANG_WARN_OBJC_IMPLICIT_RETAIN_SELF = YES;
				CLANG_WARN_OBJC_LITERAL_CONVERSION = YES;
				CLANG_WARN_OBJC_ROOT_CLASS = YES_ERROR;
				CLANG_WARN_QUOTED_INCLUDE_IN_FRAMEWORK_HEADER = YES;
				CLANG_WARN_RANGE_LOOP_ANALYSIS = YES;
				CLANG_WARN_STRICT_PROTOTYPES = YES;
				CLANG_WARN_SUSPICIOUS_MOVE = YES;
				CLANG_WARN_UNGUARDED_AVAILABILITY = YES_AGGRESSIVE;
				CLANG_WARN_UNREACHABLE_CODE = YES;
				CLANG_WARN__DUPLICATE_METHOD_MATCH = YES;
				COPY_PHASE_STRIP = NO;
				DEBUG_INFORMATION_FORMAT = "dwarf-with-dsym";
				ENABLE_NS_ASSERTIONS = NO;
				ENABLE_STRICT_OBJC_MSGSEND = YES;
				ENABLE_USER_SCRIPT_SANDBOXING = YES;
				GCC_C_LANGUAGE_STANDARD = gnu17;
				GCC_NO_COMMON_BLOCKS = YES;
				GCC_WARN_64_TO_32_BIT_CONVERSION = YES;
				GCC_WARN_ABOUT_RETURN_TYPE = YES_ERROR;
				GCC_WARN_UNDECLARED_SELECTOR = YES;
				GCC_WARN_UNINITIALIZED_AUTOS = YES_AGGRESSIVE;
				GCC_WARN_UNUSED_FUNCTION = YES;
				GCC_WARN_UNUSED_VARIABLE = YES;
				IPHONEOS_DEPLOYMENT_TARGET = 17.0;
				LOCALIZATION_PREFERS_STRING_CATALOGS = YES;
				MTL_ENABLE_DEBUG_INFO = NO;
				MTL_FAST_MATH = YES;
				SDKROOT = iphoneos;
				SWIFT_COMPILATION_MODE = wholemodule;
				VALIDATE_PRODUCT = YES;
			};
			name = Release;
		};
		819BD04A2B6A6AE1002E44C5 /* Debug */ = {
			isa = XCBuildConfiguration;
			buildSettings = {
				ASSETCATALOG_COMPILER_APPICON_NAME = AppIcon;
				ASSETCATALOG_COMPILER_GLOBAL_ACCENT_COLOR_NAME = AccentColor;
				CODE_SIGN_STYLE = Automatic;
				CURRENT_PROJECT_VERSION = 1;
				DEVELOPMENT_ASSET_PATHS = "\"Memories/Preview Content\"";
				DEVELOPMENT_TEAM = 564UB3LSA2;
				ENABLE_PREVIEWS = YES;
				GENERATE_INFOPLIST_FILE = YES;
				INFOPLIST_KEY_UIApplicationSceneManifest_Generation = YES;
				INFOPLIST_KEY_UIApplicationSupportsIndirectInputEvents = YES;
				INFOPLIST_KEY_UILaunchScreen_Generation = YES;
				INFOPLIST_KEY_UISupportedInterfaceOrientations_iPad = "UIInterfaceOrientationPortrait UIInterfaceOrientationPortraitUpsideDown UIInterfaceOrientationLandscapeLeft UIInterfaceOrientationLandscapeRight";
				INFOPLIST_KEY_UISupportedInterfaceOrientations_iPhone = "UIInterfaceOrientationPortrait UIInterfaceOrientationLandscapeLeft UIInterfaceOrientationLandscapeRight";
				LD_RUNPATH_SEARCH_PATHS = (
					"$(inherited)",
					"@executable_path/Frameworks",
				);
				MARKETING_VERSION = 1.0;
				PRODUCT_BUNDLE_IDENTIFIER = test.com.Memories;
				PRODUCT_NAME = "$(TARGET_NAME)";
				SWIFT_EMIT_LOC_STRINGS = YES;
				SWIFT_VERSION = 5.0;
				TARGETED_DEVICE_FAMILY = "1,2";
			};
			name = Debug;
		};
		819BD04B2B6A6AE1002E44C5 /* Release */ = {
			isa = XCBuildConfiguration;
			buildSettings = {
				ASSETCATALOG_COMPILER_APPICON_NAME = AppIcon;
				ASSETCATALOG_COMPILER_GLOBAL_ACCENT_COLOR_NAME = AccentColor;
				CODE_SIGN_STYLE = Automatic;
				CURRENT_PROJECT_VERSION = 1;
				DEVELOPMENT_ASSET_PATHS = "\"Memories/Preview Content\"";
				DEVELOPMENT_TEAM = 564UB3LSA2;
				ENABLE_PREVIEWS = YES;
				GENERATE_INFOPLIST_FILE = YES;
				INFOPLIST_KEY_UIApplicationSceneManifest_Generation = YES;
				INFOPLIST_KEY_UIApplicationSupportsIndirectInputEvents = YES;
				INFOPLIST_KEY_UILaunchScreen_Generation = YES;
				INFOPLIST_KEY_UISupportedInterfaceOrientations_iPad = "UIInterfaceOrientationPortrait UIInterfaceOrientationPortraitUpsideDown UIInterfaceOrientationLandscapeLeft UIInterfaceOrientationLandscapeRight";
				INFOPLIST_KEY_UISupportedInterfaceOrientations_iPhone = "UIInterfaceOrientationPortrait UIInterfaceOrientationLandscapeLeft UIInterfaceOrientationLandscapeRight";
				LD_RUNPATH_SEARCH_PATHS = (
					"$(inherited)",
					"@executable_path/Frameworks",
				);
				MARKETING_VERSION = 1.0;
				PRODUCT_BUNDLE_IDENTIFIER = test.com.Memories;
				PRODUCT_NAME = "$(TARGET_NAME)";
				SWIFT_EMIT_LOC_STRINGS = YES;
				SWIFT_VERSION = 5.0;
				TARGETED_DEVICE_FAMILY = "1,2";
			};
			name = Release;
		};
		819BD04D2B6A6AE1002E44C5 /* Debug */ = {
			isa = XCBuildConfiguration;
			buildSettings = {
				ALWAYS_EMBED_SWIFT_STANDARD_LIBRARIES = YES;
				BUNDLE_LOADER = "$(TEST_HOST)";
				CODE_SIGN_STYLE = Automatic;
				CURRENT_PROJECT_VERSION = 1;
				DEVELOPMENT_TEAM = 564UB3LSA2;
				GENERATE_INFOPLIST_FILE = YES;
				IPHONEOS_DEPLOYMENT_TARGET = 17.0;
				MARKETING_VERSION = 1.0;
				PRODUCT_BUNDLE_IDENTIFIER = test.com.MemoriesTests;
				PRODUCT_NAME = "$(TARGET_NAME)";
				SWIFT_EMIT_LOC_STRINGS = NO;
				SWIFT_VERSION = 5.0;
				TARGETED_DEVICE_FAMILY = "1,2";
				TEST_HOST = "$(BUILT_PRODUCTS_DIR)/Memories.app/$(BUNDLE_EXECUTABLE_FOLDER_PATH)/Memories";
			};
			name = Debug;
		};
		819BD04E2B6A6AE1002E44C5 /* Release */ = {
			isa = XCBuildConfiguration;
			buildSettings = {
				ALWAYS_EMBED_SWIFT_STANDARD_LIBRARIES = YES;
				BUNDLE_LOADER = "$(TEST_HOST)";
				CODE_SIGN_STYLE = Automatic;
				CURRENT_PROJECT_VERSION = 1;
				DEVELOPMENT_TEAM = 564UB3LSA2;
				GENERATE_INFOPLIST_FILE = YES;
				IPHONEOS_DEPLOYMENT_TARGET = 17.0;
				MARKETING_VERSION = 1.0;
				PRODUCT_BUNDLE_IDENTIFIER = test.com.MemoriesTests;
				PRODUCT_NAME = "$(TARGET_NAME)";
				SWIFT_EMIT_LOC_STRINGS = NO;
				SWIFT_VERSION = 5.0;
				TARGETED_DEVICE_FAMILY = "1,2";
				TEST_HOST = "$(BUILT_PRODUCTS_DIR)/Memories.app/$(BUNDLE_EXECUTABLE_FOLDER_PATH)/Memories";
			};
			name = Release;
		};
		819BD0502B6A6AE1002E44C5 /* Debug */ = {
			isa = XCBuildConfiguration;
			buildSettings = {
				ALWAYS_EMBED_SWIFT_STANDARD_LIBRARIES = YES;
				CODE_SIGN_STYLE = Automatic;
				CURRENT_PROJECT_VERSION = 1;
				DEVELOPMENT_TEAM = 564UB3LSA2;
				GENERATE_INFOPLIST_FILE = YES;
				MARKETING_VERSION = 1.0;
				PRODUCT_BUNDLE_IDENTIFIER = test.com.MemoriesUITests;
				PRODUCT_NAME = "$(TARGET_NAME)";
				SWIFT_EMIT_LOC_STRINGS = NO;
				SWIFT_VERSION = 5.0;
				TARGETED_DEVICE_FAMILY = "1,2";
				TEST_TARGET_NAME = Memories;
			};
			name = Debug;
		};
		819BD0512B6A6AE1002E44C5 /* Release */ = {
			isa = XCBuildConfiguration;
			buildSettings = {
				ALWAYS_EMBED_SWIFT_STANDARD_LIBRARIES = YES;
				CODE_SIGN_STYLE = Automatic;
				CURRENT_PROJECT_VERSION = 1;
				DEVELOPMENT_TEAM = 564UB3LSA2;
				GENERATE_INFOPLIST_FILE = YES;
				MARKETING_VERSION = 1.0;
				PRODUCT_BUNDLE_IDENTIFIER = test.com.MemoriesUITests;
				PRODUCT_NAME = "$(TARGET_NAME)";
				SWIFT_EMIT_LOC_STRINGS = NO;
				SWIFT_VERSION = 5.0;
				TARGETED_DEVICE_FAMILY = "1,2";
				TEST_TARGET_NAME = Memories;
			};
			name = Release;
		};
/* End XCBuildConfiguration section */

/* Begin XCConfigurationList section */
		819BD0202B6A6ADE002E44C5 /* Build configuration list for PBXProject "Memories" */ = {
			isa = XCConfigurationList;
			buildConfigurations = (
				819BD0472B6A6AE1002E44C5 /* Debug */,
				819BD0482B6A6AE1002E44C5 /* Release */,
			);
			defaultConfigurationIsVisible = 0;
			defaultConfigurationName = Release;
		};
		819BD0492B6A6AE1002E44C5 /* Build configuration list for PBXNativeTarget "Memories" */ = {
			isa = XCConfigurationList;
			buildConfigurations = (
				819BD04A2B6A6AE1002E44C5 /* Debug */,
				819BD04B2B6A6AE1002E44C5 /* Release */,
			);
			defaultConfigurationIsVisible = 0;
			defaultConfigurationName = Release;
		};
		819BD04C2B6A6AE1002E44C5 /* Build configuration list for PBXNativeTarget "MemoriesTests" */ = {
			isa = XCConfigurationList;
			buildConfigurations = (
				819BD04D2B6A6AE1002E44C5 /* Debug */,
				819BD04E2B6A6AE1002E44C5 /* Release */,
			);
			defaultConfigurationIsVisible = 0;
			defaultConfigurationName = Release;
		};
		819BD04F2B6A6AE1002E44C5 /* Build configuration list for PBXNativeTarget "MemoriesUITests" */ = {
			isa = XCConfigurationList;
			buildConfigurations = (
				819BD0502B6A6AE1002E44C5 /* Debug */,
				819BD0512B6A6AE1002E44C5 /* Release */,
			);
			defaultConfigurationIsVisible = 0;
			defaultConfigurationName = Release;
		};
/* End XCConfigurationList section */
	};
	rootObject = 819BD01D2B6A6ADE002E44C5 /* Project object */;
}
